
Microsoft Visual Studio Solution File, Format Version 12.00
# Visual Studio Version 17
VisualStudioVersion = 17.10.35004.147
MinimumVisualStudioVersion = 10.0.40219.1
Project("{9A19103F-16F7-4668-BE54-9A1E7A4F7556}") = "ResourceManagementSystem", "ResourceManagementSystem.csproj", "{33CF9E0F-70FB-4E95-A5B6-B7BA4622550E}"
EndProject
Global
	GlobalSection(SolutionConfigurationPlatforms) = preSolution
		Debug|Any CPU = Debug|Any CPU
		Release|Any CPU = Release|Any CPU
	EndGlobalSection
	GlobalSection(ProjectConfigurationPlatforms) = postSolution
		{33CF9E0F-70FB-4E95-A5B6-B7BA4622550E}.Debug|Any CPU.ActiveCfg = Debug|Any CPU
		{33CF9E0F-70FB-4E95-A5B6-B7BA4622550E}.Debug|Any CPU.Build.0 = Debug|Any CPU
		{33CF9E0F-70FB-4E95-A5B6-B7BA4622550E}.Release|Any CPU.ActiveCfg = Release|Any CPU
		{33CF9E0F-70FB-4E95-A5B6-B7BA4622550E}.Release|Any CPU.Build.0 = Release|Any CPU
	EndGlobalSection
	GlobalSection(SolutionProperties) = preSolution
		HideSolutionNode = FALSE
	EndGlobalSection
	GlobalSection(ExtensibilityGlobals) = postSolution
		SolutionGuid = {54146C9A-6416-4C9B-9AF3-283C483AE6BE}
	EndGlobalSection
EndGlobal
